
Microsoft Visual Studio Solution File, Format Version 12.00
# Visual Studio Version 17
VisualStudioVersion = 17.10.34928.147
MinimumVisualStudioVersion = 10.0.40219.1
Project("{9A19103F-16F7-4668-BE54-9A1E7A4F7556}") = "MyAssistant.Domain", "MyAssistant.Domain\MyAssistant.Domain.csproj", "{2FDC23DE-4898-493E-B375-80EF60680DCB}"
EndProject
Project("{9A19103F-16F7-4668-BE54-9A1E7A4F7556}") = "MyAssistant.Persistence", "MyAssistant.Persistence\MyAssistant.Persistence.csproj", "{08C520E3-2E4C-4D71-B57A-B7300A9F226C}"
	ProjectSection(ProjectDependencies) = postProject
		{2FDC23DE-4898-493E-B375-80EF60680DCB} = {2FDC23DE-4898-493E-B375-80EF60680DCB}
	EndProjectSection
EndProject
Project("{9A19103F-16F7-4668-BE54-9A1E7A4F7556}") = "MyAssistant.Identity", "MyAssistant.Identity\MyAssistant.Identity.csproj", "{4FDD04B7-21F9-4C02-87BA-66E104C13067}"
EndProject
Project("{9A19103F-16F7-4668-BE54-9A1E7A4F7556}") = "MyAssistant.Core", "MyAssistant.Core\MyAssistant.Core.csproj", "{C111C888-340C-418B-9992-D6FECBE6F979}"
EndProject
Project("{9A19103F-16F7-4668-BE54-9A1E7A4F7556}") = "MyAssistant.API", "MyAssistant.API\MyAssistant.API.csproj", "{ECCD616B-FB25-4247-BC21-3F9A94213A04}"
EndProject
Project("{FAE04EC0-301F-11D3-BF4B-00C04F79EFBC}") = "MyAssistant.Shared", "MyAssistant.Shared\MyAssistant.Shared.csproj", "{3D2A70E4-DD41-41AA-AB1B-276D5CE1FD75}"
EndProject
Global
	GlobalSection(SolutionConfigurationPlatforms) = preSolution
		Debug|Any CPU = Debug|Any CPU
		Release|Any CPU = Release|Any CPU
	EndGlobalSection
	GlobalSection(ProjectConfigurationPlatforms) = postSolution
		{2FDC23DE-4898-493E-B375-80EF60680DCB}.Debug|Any CPU.ActiveCfg = Debug|Any CPU
		{2FDC23DE-4898-493E-B375-80EF60680DCB}.Debug|Any CPU.Build.0 = Debug|Any CPU
		{2FDC23DE-4898-493E-B375-80EF60680DCB}.Release|Any CPU.ActiveCfg = Release|Any CPU
		{2FDC23DE-4898-493E-B375-80EF60680DCB}.Release|Any CPU.Build.0 = Release|Any CPU
		{08C520E3-2E4C-4D71-B57A-B7300A9F226C}.Debug|Any CPU.ActiveCfg = Debug|Any CPU
		{08C520E3-2E4C-4D71-B57A-B7300A9F226C}.Debug|Any CPU.Build.0 = Debug|Any CPU
		{08C520E3-2E4C-4D71-B57A-B7300A9F226C}.Release|Any CPU.ActiveCfg = Release|Any CPU
		{08C520E3-2E4C-4D71-B57A-B7300A9F226C}.Release|Any CPU.Build.0 = Release|Any CPU
		{4FDD04B7-21F9-4C02-87BA-66E104C13067}.Debug|Any CPU.ActiveCfg = Debug|Any CPU
		{4FDD04B7-21F9-4C02-87BA-66E104C13067}.Debug|Any CPU.Build.0 = Debug|Any CPU
		{4FDD04B7-21F9-4C02-87BA-66E104C13067}.Release|Any CPU.ActiveCfg = Release|Any CPU
		{4FDD04B7-21F9-4C02-87BA-66E104C13067}.Release|Any CPU.Build.0 = Release|Any CPU
		{C111C888-340C-418B-9992-D6FECBE6F979}.Debug|Any CPU.ActiveCfg = Debug|Any CPU
		{C111C888-340C-418B-9992-D6FECBE6F979}.Debug|Any CPU.Build.0 = Debug|Any CPU
		{C111C888-340C-418B-9992-D6FECBE6F979}.Release|Any CPU.ActiveCfg = Release|Any CPU
		{C111C888-340C-418B-9992-D6FECBE6F979}.Release|Any CPU.Build.0 = Release|Any CPU
		{ECCD616B-FB25-4247-BC21-3F9A94213A04}.Debug|Any CPU.ActiveCfg = Debug|Any CPU
		{ECCD616B-FB25-4247-BC21-3F9A94213A04}.Debug|Any CPU.Build.0 = Debug|Any CPU
		{ECCD616B-FB25-4247-BC21-3F9A94213A04}.Release|Any CPU.ActiveCfg = Release|Any CPU
		{ECCD616B-FB25-4247-BC21-3F9A94213A04}.Release|Any CPU.Build.0 = Release|Any CPU
		{3D2A70E4-DD41-41AA-AB1B-276D5CE1FD75}.Debug|Any CPU.ActiveCfg = Debug|Any CPU
		{3D2A70E4-DD41-41AA-AB1B-276D5CE1FD75}.Debug|Any CPU.Build.0 = Debug|Any CPU
		{3D2A70E4-DD41-41AA-AB1B-276D5CE1FD75}.Release|Any CPU.ActiveCfg = Release|Any CPU
		{3D2A70E4-DD41-41AA-AB1B-276D5CE1FD75}.Release|Any CPU.Build.0 = Release|Any CPU
	EndGlobalSection
	GlobalSection(SolutionProperties) = preSolution
		HideSolutionNode = FALSE
	EndGlobalSection
	GlobalSection(ExtensibilityGlobals) = postSolution
		SolutionGuid = {72570FC5-F0D4-46A7-806F-1102A8FE0762}
	EndGlobalSection
EndGlobal
